// !$*UTF8*$!
{
	archiveVersion = 1;
	classes = {
	};
	objectVersion = 46;
	objects = {

/* Begin PBXBuildFile section */
		68357EA41CE9B761004181AD /* main.m in Sources */ = {isa = PBXBuildFile; fileRef = 68357EA31CE9B761004181AD /* main.m */; };
		68357EA71CE9B761004181AD /* AppDelegate.m in Sources */ = {isa = PBXBuildFile; fileRef = 68357EA61CE9B761004181AD /* AppDelegate.m */; };
		68357EAA1CE9B761004181AD /* ViewController.m in Sources */ = {isa = PBXBuildFile; fileRef = 68357EA91CE9B761004181AD /* ViewController.m */; };
		68357EAD1CE9B761004181AD /* Main.storyboard in Resources */ = {isa = PBXBuildFile; fileRef = 68357EAB1CE9B761004181AD /* Main.storyboard */; };
		68357EAF1CE9B761004181AD /* Assets.xcassets in Resources */ = {isa = PBXBuildFile; fileRef = 68357EAE1CE9B761004181AD /* Assets.xcassets */; };
		68357EB21CE9B761004181AD /* LaunchScreen.storyboard in Resources */ = {isa = PBXBuildFile; fileRef = 68357EB01CE9B761004181AD /* LaunchScreen.storyboard */; };
/* End PBXBuildFile section */

/* Begin PBXFileReference section */
		68357E9F1CE9B761004181AD /* AutoLayout.app */ = {isa = PBXFileReference; explicitFileType = wrapper.application; includeInIndex = 0; path = AutoLayout.app; sourceTree = BUILT_PRODUCTS_DIR; };
		68357EA31CE9B761004181AD /* main.m */ = {isa = PBXFileReference; lastKnownFileType = sourcecode.c.objc; path = main.m; sourceTree = "<group>"; };
		68357EA51CE9B761004181AD /* AppDelegate.h */ = {isa = PBXFileReference; lastKnownFileType = sourcecode.c.h; path = AppDelegate.h; sourceTree = "<group>"; };
		68357EA61CE9B761004181AD /* AppDelegate.m */ = {isa = PBXFileReference; lastKnownFileType = sourcecode.c.objc; path = AppDelegate.m; sourceTree = "<group>"; };
		68357EA81CE9B761004181AD /* ViewController.h */ = {isa = PBXFileReference; lastKnownFileType = sourcecode.c.h; path = ViewController.h; sourceTree = "<group>"; };
		68357EA91CE9B761004181AD /* ViewController.m */ = {isa = PBXFileReference; lastKnownFileType = sourcecode.c.objc; path = ViewController.m; sourceTree = "<group>"; };
		68357EAC1CE9B761004181AD /* Base */ = {isa = PBXFileReference; lastKnownFileType = file.storyboard; name = Base; path = Base.lproj/Main.storyboard; sourceTree = "<group>"; };
		68357EAE1CE9B761004181AD /* Assets.xcassets */ = {isa = PBXFileReference; lastKnownFileType = folder.assetcatalog; path = Assets.xcassets; sourceTree = "<group>"; };
		68357EB11CE9B761004181AD /* Base */ = {isa = PBXFileReference; lastKnownFileType = file.storyboard; name = Base; path = Base.lproj/LaunchScreen.storyboard; sourceTree = "<group>"; };
		68357EB31CE9B761004181AD /* Info.plist */ = {isa = PBXFileReference; lastKnownFileType = text.plist.xml; path = Info.plist; sourceTree = "<group>"; };
/* End PBXFileReference section */

/* Begin PBXFrameworksBuildPhase section */
		68357E9C1CE9B761004181AD /* Frameworks */ = {
			isa = PBXFrameworksBuildPhase;
			buildActionMask = 2147483647;
			files = (
			);
			runOnlyForDeploymentPostprocessing = 0;
		};
/* End PBXFrameworksBuildPhase section */

/* Begin PBXGroup section */
		68357E961CE9B761004181AD = {
			isa = PBXGroup;
			children = (
				68357EA11CE9B761004181AD /* AutoLayout */,
				68357EA01CE9B761004181AD /* Products */,
			);
			sourceTree = "<group>";
		};
		68357EA01CE9B761004181AD /* Products */ = {
			isa = PBXGroup;
			children = (
				68357E9F1CE9B761004181AD /* AutoLayout.app */,
			);
			name = Products;
			sourceTree = "<group>";
		};
		68357EA11CE9B761004181AD /* AutoLayout */ = {
			isa = PBXGroup;
			children = (
				68357EA51CE9B761004181AD /* AppDelegate.h */,
				68357EA61CE9B761004181AD /* AppDelegate.m */,
				68357EA81CE9B761004181AD /* ViewController.h */,
				68357EA91CE9B761004181AD /* ViewController.m */,
				68357EAB1CE9B761004181AD /* Main.storyboard */,
				68357EAE1CE9B761004181AD /* Assets.xcassets */,
				68357EB01CE9B761004181AD /* LaunchScreen.storyboard */,
				68357EB31CE9B761004181AD /* Info.plist */,
				68357EA21CE9B761004181AD /* Supporting Files */,
			);
			path = AutoLayout;
			sourceTree = "<group>";
		};
		68357EA21CE9B761004181AD /* Supporting Files */ = {
			isa = PBXGroup;
			children = (
				68357EA31CE9B761004181AD /* main.m */,
			);
			name = "Supporting Files";
			sourceTree = "<group>";
		};
/* End PBXGroup section */

/* Begin PBXNativeTarget section */
		68357E9E1CE9B761004181AD /* AutoLayout */ = {
			isa = PBXNativeTarget;
			buildConfigurationList = 68357EB61CE9B761004181AD /* Build configuration list for PBXNativeTarget "AutoLayout" */;
			buildPhases = (
				68357E9B1CE9B761004181AD /* Sources */,
				68357E9C1CE9B761004181AD /* Frameworks */,
				68357E9D1CE9B761004181AD /* Resources */,
			);
			buildRules = (
			);
			dependencies = (
			);
			name = AutoLayout;
			productName = AutoLayout;
			productReference = 68357E9F1CE9B761004181AD /* AutoLayout.app */;
			productType = "com.apple.product-type.application";
		};
/* End PBXNativeTarget section */

/* Begin PBXProject section */
		68357E971CE9B761004181AD /* Project object */ = {
			isa = PBXProject;
			attributes = {
				LastUpgradeCheck = 0720;
				ORGANIZATIONNAME = wujing;
				TargetAttributes = {
					68357E9E1CE9B761004181AD = {
						CreatedOnToolsVersion = 7.2;
					};
				};
			};
			buildConfigurationList = 68357E9A1CE9B761004181AD /* Build configuration list for PBXProject "AutoLayout" */;
			compatibilityVersion = "Xcode 3.2";
			developmentRegion = English;
			hasScannedForEncodings = 0;
			knownRegions = (
				en,
				Base,
			);
			mainGroup = 68357E961CE9B761004181AD;
			productRefGroup = 68357EA01CE9B761004181AD /* Products */;
			projectDirPath = "";
			projectRoot = "";
			targets = (
				68357E9E1CE9B761004181AD /* AutoLayout */,
			);
		};
/* End PBXProject section */

/* Begin PBXResourcesBuildPhase section */
		68357E9D1CE9B761004181AD /* Resources */ = {
			isa = PBXResourcesBuildPhase;
			buildActionMask = 2147483647;
			files = (
				68357EB21CE9B761004181AD /* LaunchScreen.storyboard in Resources */,
				68357EAF1CE9B761004181AD /* Assets.xcassets in Resources */,
				68357EAD1CE9B761004181AD /* Main.storyboard in Resources */,
			);
			runOnlyForDeploymentPostprocessing = 0;
		};
/* End PBXResourcesBuildPhase section */

/* Begin PBXSourcesBuildPhase section */
		68357E9B1CE9B761004181AD /* Sources */ = {
			isa = PBXSourcesBuildPhase;
			buildActionMask = 2147483647;
			files = (
				68357EAA1CE9B761004181AD /* ViewController.m in Sources */,
				68357EA71CE9B761004181AD /* AppDelegate.m in Sources */,
				68357EA41CE9B761004181AD /* main.m in Sources */,
			);
			runOnlyForDeploymentPostprocessing = 0;
		};
/* End PBXSourcesBuildPhase section */

/* Begin PBXVariantGroup section */
		68357EAB1CE9B761004181AD /* Main.storyboard */ = {
			isa = PBXVariantGroup;
			children = (
				68357EAC1CE9B761004181AD /* Base */,
			);
			name = Main.storyboard;
			sourceTree = "<group>";
		};
		68357EB01CE9B761004181AD /* LaunchScreen.storyboard */ = {
			isa = PBXVariantGroup;
			children = (
				68357EB11CE9B761004181AD /* Base */,
			);
			name = LaunchScreen.storyboard;
			sourceTree = "<group>";
		};
/* End PBXVariantGroup section */

/* Begin XCBuildConfiguration section */
		68357EB41CE9B761004181AD /* Debug */ = {
			isa = XCBuildConfiguration;
			buildSettings = {
				ALWAYS_SEARCH_USER_PATHS = NO;
				CLANG_CXX_LANGUAGE_STANDARD = "gnu++0x";
				CLANG_CXX_LIBRARY = "libc++";
				CLANG_ENABLE_MODULES = YES;
				CLANG_ENABLE_OBJC_ARC = YES;
				CLANG_WARN_BOOL_CONVERSION = YES;
				CLANG_WARN_CONSTANT_CONVERSION = YES;
				CLANG_WARN_DIRECT_OBJC_ISA_USAGE = YES_ERROR;
				CLANG_WARN_EMPTY_BODY = YES;
				CLANG_WARN_ENUM_CONVERSION = YES;
				CLANG_WARN_INT_CONVERSION = YES;
				CLANG_WARN_OBJC_ROOT_CLASS = YES_ERROR;
				CLANG_WARN_UNREACHABLE_CODE = YES;
				CLANG_WARN__DUPLICATE_METHOD_MATCH = YES;
				"CODE_SIGN_IDENTITY[sdk=iphoneos*]" = "iPhone Developer";
				COPY_PHASE_STRIP = NO;
				DEBUG_INFORMATION_FORMAT = dwarf;
				ENABLE_STRICT_OBJC_MSGSEND = YES;
				ENABLE_TESTABILITY = YES;
				GCC_C_LANGUAGE_STANDARD = gnu99;
				GCC_DYNAMIC_NO_PIC = NO;
				GCC_NO_COMMON_BLOCKS = YES;
				GCC_OPTIMIZATION_LEVEL = 0;
				GCC_PREPROCESSOR_DEFINITIONS = (
					"DEBUG=1",
					"$(inherited)",
				);
				GCC_WARN_64_TO_32_BIT_CONVERSION = YES;
				GCC_WARN_ABOUT_RETURN_TYPE = YES_ERROR;
				GCC_WARN_UNDECLARED_SELECTOR = YES;
				GCC_WARN_UNINITIALIZED_AUTOS = YES_AGGRESSIVE;
				GCC_WARN_UNUSED_FUNCTION = YES;
				GCC_WARN_UNUSED_VARIABLE = YES;
				IPHONEOS_DEPLOYMENT_TARGET = 9.2;
				MTL_ENABLE_DEBUG_INFO = YES;
				ONLY_ACTIVE_ARCH = YES;
				SDKROOT = iphoneos;
				TARGETED_DEVICE_FAMILY = "1,2";
			};
			name = Debug;
		};
		68357EB51CE9B761004181AD /* Release */ = {
			isa = XCBuildConfiguration;
			buildSettings = {
				ALWAYS_SEARCH_USER_PATHS = NO;
				CLANG_CXX_LANGUAGE_STANDARD = "gnu++0x";
				CLANG_CXX_LIBRARY = "libc++";
				CLANG_ENABLE_MODULES = YES;
				CLANG_ENABLE_OBJC_ARC = YES;
				CLANG_WARN_BOOL_CONVERSION = YES;
				CLANG_WARN_CONSTANT_CONVERSION = YES;
				CLANG_WARN_DIRECT_OBJC_ISA_USAGE = YES_ERROR;
				CLANG_WARN_EMPTY_BODY = YES;
				CLANG_WARN_ENUM_CONVERSION = YES;
				CLANG_WARN_INT_CONVERSION = YES;
				CLANG_WARN_OBJC_ROOT_CLASS = YES_ERROR;
				CLANG_WARN_UNREACHABLE_CODE = YES;
				CLANG_WARN__DUPLICATE_METHOD_MATCH = YES;
				"CODE_SIGN_IDENTITY[sdk=iphoneos*]" = "iPhone Developer";
				COPY_PHASE_STRIP = NO;
				DEBUG_INFORMATION_FORMAT = "dwarf-with-dsym";
				ENABLE_NS_ASSERTIONS = NO;
				ENABLE_STRICT_OBJC_MSGSEND = YES;
				GCC_C_LANGUAGE_STANDARD = gnu99;
				GCC_NO_COMMON_BLOCKS = YES;
				GCC_WARN_64_TO_32_BIT_CONVERSION = YES;
				GCC_WARN_ABOUT_RETURN_TYPE = YES_ERROR;
				GCC_WARN_UNDECLARED_SELECTOR = YES;
				GCC_WARN_UNINITIALIZED_AUTOS = YES_AGGRESSIVE;
				GCC_WARN_UNUSED_FUNCTION = YES;
				GCC_WARN_UNUSED_VARIABLE = YES;
				IPHONEOS_DEPLOYMENT_TARGET = 9.2;
				MTL_ENABLE_DEBUG_INFO = NO;
				SDKROOT = iphoneos;
				TARGETED_DEVICE_FAMILY = "1,2";
				VALIDATE_PRODUCT = YES;
			};
			name = Release;
		};
		68357EB71CE9B761004181AD /* Debug */ = {
			isa = XCBuildConfiguration;
			buildSettings = {
				ASSETCATALOG_COMPILER_APPICON_NAME = AppIcon;
				INFOPLIST_FILE = AutoLayout/Info.plist;
				LD_RUNPATH_SEARCH_PATHS = "$(inherited) @executable_path/Frameworks";
				PRODUCT_BUNDLE_IDENTIFIER = wujing.AutoLayout;
				PRODUCT_NAME = "$(TARGET_NAME)";
			};
			name = Debug;
		};
		68357EB81CE9B761004181AD /* Release */ = {
			isa = XCBuildConfiguration;
			buildSettings = {
				ASSETCATALOG_COMPILER_APPICON_NAME = AppIcon;
				INFOPLIST_FILE = AutoLayout/Info.plist;
				LD_RUNPATH_SEARCH_PATHS = "$(inherited) @executable_path/Frameworks";
				PRODUCT_BUNDLE_IDENTIFIER = wujing.AutoLayout;
				PRODUCT_NAME = "$(TARGET_NAME)";
			};
			name = Release;
		};
/* End XCBuildConfiguration section */

/* Begin XCConfigurationList section */
		68357E9A1CE9B761004181AD /* Build configuration list for PBXProject "AutoLayout" */ = {
			isa = XCConfigurationList;
			buildConfigurations = (
				68357EB41CE9B761004181AD /* Debug */,
				68357EB51CE9B761004181AD /* Release */,
			);
			defaultConfigurationIsVisible = 0;
			defaultConfigurationName = Release;
		};
		68357EB61CE9B761004181AD /* Build configuration list for PBXNativeTarget "AutoLayout" */ = {
			isa = XCConfigurationList;
			buildConfigurations = (
				68357EB71CE9B761004181AD /* Debug */,
				68357EB81CE9B761004181AD /* Release */,
			);
			defaultConfigurationIsVisible = 0;
		};
/* End XCConfigurationList section */
	};
	rootObject = 68357E971CE9B761004181AD /* Project object */;
}
